// !$*UTF8*$!
{
	archiveVersion = 1;
	classes = {
	};
	objectVersion = 48;
	objects = {

/* Begin PBXBuildFile section */
		4955CA9A1FEB005400C2F328 /* SCN3Vector.swift in Sources */ = {isa = PBXBuildFile; fileRef = 4955CA991FEB005400C2F328 /* SCN3Vector.swift */; };
		4955CABB1FEB071200C2F328 /* sparkles.scnp in Resources */ = {isa = PBXBuildFile; fileRef = 4955CAB91FEB071200C2F328 /* sparkles.scnp */; };
		49F557251FEA5DF1009EBE45 /* AppDelegate.swift in Sources */ = {isa = PBXBuildFile; fileRef = 49F557241FEA5DF1009EBE45 /* AppDelegate.swift */; };
		49F557271FEA5DF1009EBE45 /* art.scnassets in Resources */ = {isa = PBXBuildFile; fileRef = 49F557261FEA5DF1009EBE45 /* art.scnassets */; };
		49F557291FEA5DF1009EBE45 /* ViewController.swift in Sources */ = {isa = PBXBuildFile; fileRef = 49F557281FEA5DF1009EBE45 /* ViewController.swift */; };
		49F5572C1FEA5DF1009EBE45 /* Main.storyboard in Resources */ = {isa = PBXBuildFile; fileRef = 49F5572A1FEA5DF1009EBE45 /* Main.storyboard */; };
		49F5572E1FEA5DF1009EBE45 /* Assets.xcassets in Resources */ = {isa = PBXBuildFile; fileRef = 49F5572D1FEA5DF1009EBE45 /* Assets.xcassets */; };
		49F557311FEA5DF1009EBE45 /* LaunchScreen.storyboard in Resources */ = {isa = PBXBuildFile; fileRef = 49F5572F1FEA5DF1009EBE45 /* LaunchScreen.storyboard */; };
/* End PBXBuildFile section */

/* Begin PBXFileReference section */
		4955CA991FEB005400C2F328 /* SCN3Vector.swift */ = {isa = PBXFileReference; lastKnownFileType = sourcecode.swift; path = SCN3Vector.swift; sourceTree = "<group>"; };
		4955CAB91FEB071200C2F328 /* sparkles.scnp */ = {isa = PBXFileReference; lastKnownFileType = file.scp; path = sparkles.scnp; sourceTree = "<group>"; };
		49F557211FEA5DF1009EBE45 /* Magic-Trick.app */ = {isa = PBXFileReference; explicitFileType = wrapper.application; includeInIndex = 0; path = "Magic-Trick.app"; sourceTree = BUILT_PRODUCTS_DIR; };
		49F557241FEA5DF1009EBE45 /* AppDelegate.swift */ = {isa = PBXFileReference; lastKnownFileType = sourcecode.swift; path = AppDelegate.swift; sourceTree = "<group>"; };
		49F557261FEA5DF1009EBE45 /* art.scnassets */ = {isa = PBXFileReference; lastKnownFileType = wrapper.scnassets; path = art.scnassets; sourceTree = "<group>"; };
		49F557281FEA5DF1009EBE45 /* ViewController.swift */ = {isa = PBXFileReference; lastKnownFileType = sourcecode.swift; path = ViewController.swift; sourceTree = "<group>"; };
		49F5572B1FEA5DF1009EBE45 /* Base */ = {isa = PBXFileReference; lastKnownFileType = file.storyboard; name = Base; path = Base.lproj/Main.storyboard; sourceTree = "<group>"; };
		49F5572D1FEA5DF1009EBE45 /* Assets.xcassets */ = {isa = PBXFileReference; lastKnownFileType = folder.assetcatalog; path = Assets.xcassets; sourceTree = "<group>"; };
		49F557301FEA5DF1009EBE45 /* Base */ = {isa = PBXFileReference; lastKnownFileType = file.storyboard; name = Base; path = Base.lproj/LaunchScreen.storyboard; sourceTree = "<group>"; };
		49F557321FEA5DF1009EBE45 /* Info.plist */ = {isa = PBXFileReference; lastKnownFileType = text.plist.xml; path = Info.plist; sourceTree = "<group>"; };
/* End PBXFileReference section */

/* Begin PBXFrameworksBuildPhase section */
		49F5571E1FEA5DF1009EBE45 /* Frameworks */ = {
			isa = PBXFrameworksBuildPhase;
			buildActionMask = 2147483647;
			files = (
			);
			runOnlyForDeploymentPostprocessing = 0;
		};
/* End PBXFrameworksBuildPhase section */

/* Begin PBXGroup section */
		49F557181FEA5DF1009EBE45 = {
			isa = PBXGroup;
			children = (
				4955CAB91FEB071200C2F328 /* sparkles.scnp */,
				49F557231FEA5DF1009EBE45 /* Magic-Trick */,
				49F557221FEA5DF1009EBE45 /* Products */,
			);
			sourceTree = "<group>";
		};
		49F557221FEA5DF1009EBE45 /* Products */ = {
			isa = PBXGroup;
			children = (
				49F557211FEA5DF1009EBE45 /* Magic-Trick.app */,
			);
			name = Products;
			sourceTree = "<group>";
		};
		49F557231FEA5DF1009EBE45 /* Magic-Trick */ = {
			isa = PBXGroup;
			children = (
				49F557241FEA5DF1009EBE45 /* AppDelegate.swift */,
				49F557261FEA5DF1009EBE45 /* art.scnassets */,
				49F557281FEA5DF1009EBE45 /* ViewController.swift */,
				49F5572A1FEA5DF1009EBE45 /* Main.storyboard */,
				49F5572D1FEA5DF1009EBE45 /* Assets.xcassets */,
				49F5572F1FEA5DF1009EBE45 /* LaunchScreen.storyboard */,
				49F557321FEA5DF1009EBE45 /* Info.plist */,
				4955CA991FEB005400C2F328 /* SCN3Vector.swift */,
			);
			path = "Magic-Trick";
			sourceTree = "<group>";
		};
/* End PBXGroup section */

/* Begin PBXNativeTarget section */
		49F557201FEA5DF1009EBE45 /* Magic-Trick */ = {
			isa = PBXNativeTarget;
			buildConfigurationList = 49F557351FEA5DF1009EBE45 /* Build configuration list for PBXNativeTarget "Magic-Trick" */;
			buildPhases = (
				49F5571D1FEA5DF1009EBE45 /* Sources */,
				49F5571E1FEA5DF1009EBE45 /* Frameworks */,
				49F5571F1FEA5DF1009EBE45 /* Resources */,
			);
			buildRules = (
			);
			dependencies = (
			);
			name = "Magic-Trick";
			productName = "Magic-Trick";
			productReference = 49F557211FEA5DF1009EBE45 /* Magic-Trick.app */;
			productType = "com.apple.product-type.application";
		};
/* End PBXNativeTarget section */

/* Begin PBXProject section */
		49F557191FEA5DF1009EBE45 /* Project object */ = {
			isa = PBXProject;
			attributes = {
				LastSwiftUpdateCheck = 0910;
				LastUpgradeCheck = 0910;
				ORGANIZATIONNAME = "Herrmann, Pascal H. (415)";
				TargetAttributes = {
					49F557201FEA5DF1009EBE45 = {
						CreatedOnToolsVersion = 9.1;
						ProvisioningStyle = Automatic;
					};
				};
			};
			buildConfigurationList = 49F5571C1FEA5DF1009EBE45 /* Build configuration list for PBXProject "Magic-Trick" */;
			compatibilityVersion = "Xcode 8.0";
			developmentRegion = en;
			hasScannedForEncodings = 0;
			knownRegions = (
				en,
				Base,
			);
			mainGroup = 49F557181FEA5DF1009EBE45;
			productRefGroup = 49F557221FEA5DF1009EBE45 /* Products */;
			projectDirPath = "";
			projectRoot = "";
			targets = (
				49F557201FEA5DF1009EBE45 /* Magic-Trick */,
			);
		};
/* End PBXProject section */

/* Begin PBXResourcesBuildPhase section */
		49F5571F1FEA5DF1009EBE45 /* Resources */ = {
			isa = PBXResourcesBuildPhase;
			buildActionMask = 2147483647;
			files = (
				49F557271FEA5DF1009EBE45 /* art.scnassets in Resources */,
				49F557311FEA5DF1009EBE45 /* LaunchScreen.storyboard in Resources */,
				49F5572E1FEA5DF1009EBE45 /* Assets.xcassets in Resources */,
				49F5572C1FEA5DF1009EBE45 /* Main.storyboard in Resources */,
				4955CABB1FEB071200C2F328 /* sparkles.scnp in Resources */,
			);
			runOnlyForDeploymentPostprocessing = 0;
		};
/* End PBXResourcesBuildPhase section */

/* Begin PBXSourcesBuildPhase section */
		49F5571D1FEA5DF1009EBE45 /* Sources */ = {
			isa = PBXSourcesBuildPhase;
			buildActionMask = 2147483647;
			files = (
				49F557291FEA5DF1009EBE45 /* ViewController.swift in Sources */,
				4955CA9A1FEB005400C2F328 /* SCN3Vector.swift in Sources */,
				49F557251FEA5DF1009EBE45 /* AppDelegate.swift in Sources */,
			);
			runOnlyForDeploymentPostprocessing = 0;
		};
/* End PBXSourcesBuildPhase section */

/* Begin PBXVariantGroup section */
		49F5572A1FEA5DF1009EBE45 /* Main.storyboard */ = {
			isa = PBXVariantGroup;
			children = (
				49F5572B1FEA5DF1009EBE45 /* Base */,
			);
			name = Main.storyboard;
			sourceTree = "<group>";
		};
		49F5572F1FEA5DF1009EBE45 /* LaunchScreen.storyboard */ = {
			isa = PBXVariantGroup;
			children = (
				49F557301FEA5DF1009EBE45 /* Base */,
			);
			name = LaunchScreen.storyboard;
			sourceTree = "<group>";
		};
/* End PBXVariantGroup section */

/* Begin XCBuildConfiguration section */
		49F557331FEA5DF1009EBE45 /* Debug */ = {
			isa = XCBuildConfiguration;
			buildSettings = {
				ALWAYS_SEARCH_USER_PATHS = NO;
				CLANG_ANALYZER_NONNULL = YES;
				CLANG_ANALYZER_NUMBER_OBJECT_CONVERSION = YES_AGGRESSIVE;
				CLANG_CXX_LANGUAGE_STANDARD = "gnu++14";
				CLANG_CXX_LIBRARY = "libc++";
				CLANG_ENABLE_MODULES = YES;
				CLANG_ENABLE_OBJC_ARC = YES;
				CLANG_WARN_BLOCK_CAPTURE_AUTORELEASING = YES;
				CLANG_WARN_BOOL_CONVERSION = YES;
				CLANG_WARN_COMMA = YES;
				CLANG_WARN_CONSTANT_CONVERSION = YES;
				CLANG_WARN_DIRECT_OBJC_ISA_USAGE = YES_ERROR;
				CLANG_WARN_DOCUMENTATION_COMMENTS = YES;
				CLANG_WARN_EMPTY_BODY = YES;
				CLANG_WARN_ENUM_CONVERSION = YES;
				CLANG_WARN_INFINITE_RECURSION = YES;
				CLANG_WARN_INT_CONVERSION = YES;
				CLANG_WARN_NON_LITERAL_NULL_CONVERSION = YES;
				CLANG_WARN_OBJC_LITERAL_CONVERSION = YES;
				CLANG_WARN_OBJC_ROOT_CLASS = YES_ERROR;
				CLANG_WARN_RANGE_LOOP_ANALYSIS = YES;
				CLANG_WARN_STRICT_PROTOTYPES = YES;
				CLANG_WARN_SUSPICIOUS_MOVE = YES;
				CLANG_WARN_UNGUARDED_AVAILABILITY = YES_AGGRESSIVE;
				CLANG_WARN_UNREACHABLE_CODE = YES;
				CLANG_WARN__DUPLICATE_METHOD_MATCH = YES;
				CODE_SIGN_IDENTITY = "iPhone Developer";
				COPY_PHASE_STRIP = NO;
				DEBUG_INFORMATION_FORMAT = dwarf;
				ENABLE_STRICT_OBJC_MSGSEND = YES;
				ENABLE_TESTABILITY = YES;
				GCC_C_LANGUAGE_STANDARD = gnu11;
				GCC_DYNAMIC_NO_PIC = NO;
				GCC_NO_COMMON_BLOCKS = YES;
				GCC_OPTIMIZATION_LEVEL = 0;
				GCC_PREPROCESSOR_DEFINITIONS = (
					"DEBUG=1",
					"$(inherited)",
				);
				GCC_WARN_64_TO_32_BIT_CONVERSION = YES;
				GCC_WARN_ABOUT_RETURN_TYPE = YES_ERROR;
				GCC_WARN_UNDECLARED_SELECTOR = YES;
				GCC_WARN_UNINITIALIZED_AUTOS = YES_AGGRESSIVE;
				GCC_WARN_UNUSED_FUNCTION = YES;
				GCC_WARN_UNUSED_VARIABLE = YES;
				IPHONEOS_DEPLOYMENT_TARGET = 11.1;
				MTL_ENABLE_DEBUG_INFO = YES;
				ONLY_ACTIVE_ARCH = YES;
				SDKROOT = iphoneos;
				SWIFT_ACTIVE_COMPILATION_CONDITIONS = DEBUG;
				SWIFT_OPTIMIZATION_LEVEL = "-Onone";
			};
			name = Debug;
		};
		49F557341FEA5DF1009EBE45 /* Release */ = {
			isa = XCBuildConfiguration;
			buildSettings = {
				ALWAYS_SEARCH_USER_PATHS = NO;
				CLANG_ANALYZER_NONNULL = YES;
				CLANG_ANALYZER_NUMBER_OBJECT_CONVERSION = YES_AGGRESSIVE;
				CLANG_CXX_LANGUAGE_STANDARD = "gnu++14";
				CLANG_CXX_LIBRARY = "libc++";
				CLANG_ENABLE_MODULES = YES;
				CLANG_ENABLE_OBJC_ARC = YES;
				CLANG_WARN_BLOCK_CAPTURE_AUTORELEASING = YES;
				CLANG_WARN_BOOL_CONVERSION = YES;
				CLANG_WARN_COMMA = YES;
				CLANG_WARN_CONSTANT_CONVERSION = YES;
				CLANG_WARN_DIRECT_OBJC_ISA_USAGE = YES_ERROR;
				CLANG_WARN_DOCUMENTATION_COMMENTS = YES;
				CLANG_WARN_EMPTY_BODY = YES;
				CLANG_WARN_ENUM_CONVERSION = YES;
				CLANG_WARN_INFINITE_RECURSION = YES;
				CLANG_WARN_INT_CONVERSION = YES;
				CLANG_WARN_NON_LITERAL_NULL_CONVERSION = YES;
				CLANG_WARN_OBJC_LITERAL_CONVERSION = YES;
				CLANG_WARN_OBJC_ROOT_CLASS = YES_ERROR;
				CLANG_WARN_RANGE_LOOP_ANALYSIS = YES;
				CLANG_WARN_STRICT_PROTOTYPES = YES;
				CLANG_WARN_SUSPICIOUS_MOVE = YES;
				CLANG_WARN_UNGUARDED_AVAILABILITY = YES_AGGRESSIVE;
				CLANG_WARN_UNREACHABLE_CODE = YES;
				CLANG_WARN__DUPLICATE_METHOD_MATCH = YES;
				CODE_SIGN_IDENTITY = "iPhone Developer";
				COPY_PHASE_STRIP = NO;
				DEBUG_INFORMATION_FORMAT = "dwarf-with-dsym";
				ENABLE_NS_ASSERTIONS = NO;
				ENABLE_STRICT_OBJC_MSGSEND = YES;
				GCC_C_LANGUAGE_STANDARD = gnu11;
				GCC_NO_COMMON_BLOCKS = YES;
				GCC_WARN_64_TO_32_BIT_CONVERSION = YES;
				GCC_WARN_ABOUT_RETURN_TYPE = YES_ERROR;
				GCC_WARN_UNDECLARED_SELECTOR = YES;
				GCC_WARN_UNINITIALIZED_AUTOS = YES_AGGRESSIVE;
				GCC_WARN_UNUSED_FUNCTION = YES;
				GCC_WARN_UNUSED_VARIABLE = YES;
				IPHONEOS_DEPLOYMENT_TARGET = 11.1;
				MTL_ENABLE_DEBUG_INFO = NO;
				SDKROOT = iphoneos;
				SWIFT_OPTIMIZATION_LEVEL = "-Owholemodule";
				VALIDATE_PRODUCT = YES;
			};
			name = Release;
		};
		49F557361FEA5DF1009EBE45 /* Debug */ = {
			isa = XCBuildConfiguration;
			buildSettings = {
				ASSETCATALOG_COMPILER_APPICON_NAME = AppIcon;
				CODE_SIGN_STYLE = Automatic;
				DEVELOPMENT_TEAM = F3UJVX2U3G;
				INFOPLIST_FILE = "Magic-Trick/Info.plist";
				LD_RUNPATH_SEARCH_PATHS = "$(inherited) @executable_path/Frameworks";
				PRODUCT_BUNDLE_IDENTIFIER = "pascal.herrmann.tss.Magic-Trick";
				PRODUCT_NAME = "$(TARGET_NAME)";
				SWIFT_VERSION = 4.0;
				TARGETED_DEVICE_FAMILY = "1,2";
			};
			name = Debug;
		};
		49F557371FEA5DF1009EBE45 /* Release */ = {
			isa = XCBuildConfiguration;
			buildSettings = {
				ASSETCATALOG_COMPILER_APPICON_NAME = AppIcon;
				CODE_SIGN_STYLE = Automatic;
				DEVELOPMENT_TEAM = F3UJVX2U3G;
				INFOPLIST_FILE = "Magic-Trick/Info.plist";
				LD_RUNPATH_SEARCH_PATHS = "$(inherited) @executable_path/Frameworks";
				PRODUCT_BUNDLE_IDENTIFIER = "pascal.herrmann.tss.Magic-Trick";
				PRODUCT_NAME = "$(TARGET_NAME)";
				SWIFT_VERSION = 4.0;
				TARGETED_DEVICE_FAMILY = "1,2";
			};
			name = Release;
		};
/* End XCBuildConfiguration section */

/* Begin XCConfigurationList section */
		49F5571C1FEA5DF1009EBE45 /* Build configuration list for PBXProject "Magic-Trick" */ = {
			isa = XCConfigurationList;
			buildConfigurations = (
				49F557331FEA5DF1009EBE45 /* Debug */,
				49F557341FEA5DF1009EBE45 /* Release */,
			);
			defaultConfigurationIsVisible = 0;
			defaultConfigurationName = Release;
		};
		49F557351FEA5DF1009EBE45 /* Build configuration list for PBXNativeTarget "Magic-Trick" */ = {
			isa = XCConfigurationList;
			buildConfigurations = (
				49F557361FEA5DF1009EBE45 /* Debug */,
				49F557371FEA5DF1009EBE45 /* Release */,
			);
			defaultConfigurationIsVisible = 0;
			defaultConfigurationName = Release;
		};
/* End XCConfigurationList section */
	};
	rootObject = 49F557191FEA5DF1009EBE45 /* Project object */;
}
